{
  "pins" : [
    {
      "identity" : "jjliso8601dateformatter",
      "kind" : "remoteSourceControl",
      "location" : "https://github.com/michaeleisel/JJLISO8601DateFormatter",
      "state" : {
        "revision" : "99fadf2e6425a0f827b1b485ea60bc2b7ecdd22c",
        "version" : "0.1.4"
      }
    },
    {
      "identity" : "urlsessionmock",
      "kind" : "remoteSourceControl",
      "location" : "https://github.com/azsn/URLSessionMock",
      "state" : {
        "revision" : "128e48ecdea3508b1264d31443a83e718caa8f7e",
        "version" : "0.1.0"
      }
    },
    {
      "identity" : "zippyjson",
      "kind" : "remoteSourceControl",
      "location" : "https://github.com/michaeleisel/ZippyJSON",
      "state" : {
        "revision" : "1ab389998592d038a60a3ca71aa7554d0e84ab4a",
        "version" : "1.2.4"
      }
    },
    {
      "identity" : "zippyjsoncfamily",
      "kind" : "remoteSourceControl",
      "location" : "https://github.com/michaeleisel/ZippyJSONCFamily",
      "state" : {
        "revision" : "c55123b23f0faa898b22bf1b967e72a2df51fdb4",
        "version" : "1.2.4"
      }
    }
  ],
  "version" : 2
}
