{
  "originHash" : "672ccdde32fcbd0b6c073425ae21f4e73ea7d2f5be1104eb8c1937a13627d260",
  "pins" : [
    {
      "identity" : "jjliso8601dateformatter",
      "kind" : "remoteSourceControl",
      "location" : "https://github.com/michaeleisel/JJLISO8601DateFormatter",
      "state" : {
        "revision" : "50d5ea26ffd3f82e3db8516d939d80b745e168cf",
        "version" : "0.2.0"
      }
    },
    {
      "identity" : "zippyjson",
      "kind" : "remoteSourceControl",
      "location" : "https://github.com/michaeleisel/ZippyJSON",
      "state" : {
        "revision" : "ddbbc024ba5a826f9676035a0a090a0bc2d40755",
        "version" : "1.2.15"
      }
    },
    {
      "identity" : "zippyjsoncfamily",
      "kind" : "remoteSourceControl",
      "location" : "https://github.com/michaeleisel/ZippyJSONCFamily",
      "state" : {
        "revision" : "c1c0f88977359ea85b81e128b2d988e8250dfdae",
        "version" : "1.2.14"
      }
    }
  ],
  "version" : 3
}
