{
  "originHash" : "94303fba8394da74f09b0bf6a9c0bbed604113c92f59e5cf00b644531aacb92f",
  "pins" : [
    {
      "identity" : "jjliso8601dateformatter",
      "kind" : "remoteSourceControl",
      "location" : "https://github.com/michaeleisel/JJLISO8601DateFormatter",
      "state" : {
        "revision" : "50d5ea26ffd3f82e3db8516d939d80b745e168cf",
        "version" : "0.2.0"
      }
    },
    {
      "identity" : "zippyjson",
      "kind" : "remoteSourceControl",
      "location" : "https://github.com/michaeleisel/ZippyJSON",
      "state" : {
        "revision" : "1ab389998592d038a60a3ca71aa7554d0e84ab4a",
        "version" : "1.2.4"
      }
    },
    {
      "identity" : "zippyjsoncfamily",
      "kind" : "remoteSourceControl",
      "location" : "https://github.com/michaeleisel/ZippyJSONCFamily",
      "state" : {
        "revision" : "c55123b23f0faa898b22bf1b967e72a2df51fdb4",
        "version" : "1.2.4"
      }
    }
  ],
  "version" : 3
}
