// !$*UTF8*$!
{
	archiveVersion = 1;
	classes = {
	};
	objectVersion = 50;
	objects = {

/* Begin PBXBuildFile section */
		960BE3DC21AE5D170044C142 /* InternetArchiveQueryTests.swift in Sources */ = {isa = PBXBuildFile; fileRef = 960BE3DB21AE5D170044C142 /* InternetArchiveQueryTests.swift */; };
		9614038D226538E6001B9FB7 /* FastISO8601DateFormatterTests.swift in Sources */ = {isa = PBXBuildFile; fileRef = 9614038C226538E6001B9FB7 /* FastISO8601DateFormatterTests.swift */; };
		9614038F22653923001B9FB7 /* FastISO8601DateParser.swift in Sources */ = {isa = PBXBuildFile; fileRef = 9614038E22653923001B9FB7 /* FastISO8601DateParser.swift */; };
		96140390226539EE001B9FB7 /* FastISO8601DateParser.swift in Sources */ = {isa = PBXBuildFile; fileRef = 9614038E22653923001B9FB7 /* FastISO8601DateParser.swift */; };
		9614039222654AA4001B9FB7 /* ModelFieldTypes.swift in Sources */ = {isa = PBXBuildFile; fileRef = 9614039122654AA4001B9FB7 /* ModelFieldTypes.swift */; };
		9614039322654BAE001B9FB7 /* ModelFieldTypes.swift in Sources */ = {isa = PBXBuildFile; fileRef = 9614039122654AA4001B9FB7 /* ModelFieldTypes.swift */; };
		961F158B2249FF4F00D874EE /* ModelField.swift in Sources */ = {isa = PBXBuildFile; fileRef = 96665F7921D1A46C00D23477 /* ModelField.swift */; };
		961F158C2249FF5D00D874EE /* InternetArchive.swift in Sources */ = {isa = PBXBuildFile; fileRef = 96ECE0F921929F8D00A0C8A6 /* InternetArchive.swift */; };
		961F158D2249FF6500D874EE /* InternetArchiveProtocols.swift in Sources */ = {isa = PBXBuildFile; fileRef = 96BAF7D3219BD4F7004B512D /* InternetArchiveProtocols.swift */; };
		961F158E2249FF7100D874EE /* InternetArchiveResponse.swift in Sources */ = {isa = PBXBuildFile; fileRef = 96ECE0FB2192A0EF00A0C8A6 /* InternetArchiveResponse.swift */; };
		961F158F2249FF7A00D874EE /* InternetArchiveQuery.swift in Sources */ = {isa = PBXBuildFile; fileRef = 96BAF7D1219BD0C0004B512D /* InternetArchiveQuery.swift */; };
		961F15902249FF8400D874EE /* ItemMetadata.swift in Sources */ = {isa = PBXBuildFile; fileRef = 96ECE0F52191584000A0C8A6 /* ItemMetadata.swift */; };
		961F1591224A001700D874EE /* DateParser.swift in Sources */ = {isa = PBXBuildFile; fileRef = 9656DE4C21A4C5EB0016392A /* DateParser.swift */; };
		961F1592224A001D00D874EE /* Item.swift in Sources */ = {isa = PBXBuildFile; fileRef = 96ECE0F321913D2F00A0C8A6 /* Item.swift */; };
		961F1593224A002A00D874EE /* File.swift in Sources */ = {isa = PBXBuildFile; fileRef = 96ECE0F72191585300A0C8A6 /* File.swift */; };
		961F1594224A003700D874EE /* InternetArchiveErrors.swift in Sources */ = {isa = PBXBuildFile; fileRef = 96BAF7D5219BD518004B512D /* InternetArchiveErrors.swift */; };
		9656DE4D21A4C5EB0016392A /* DateParser.swift in Sources */ = {isa = PBXBuildFile; fileRef = 9656DE4C21A4C5EB0016392A /* DateParser.swift */; };
		96665F7A21D1A46C00D23477 /* ModelField.swift in Sources */ = {isa = PBXBuildFile; fileRef = 96665F7921D1A46C00D23477 /* ModelField.swift */; };
		9669B01C2197B76D00E7CE2A /* artists.json in Resources */ = {isa = PBXBuildFile; fileRef = 9669B01B2197B76D00E7CE2A /* artists.json */; };
		9669B0242197B91200E7CE2A /* AppDelegate.swift in Sources */ = {isa = PBXBuildFile; fileRef = 9669B0232197B91200E7CE2A /* AppDelegate.swift */; };
		9669B0262197B91200E7CE2A /* EtreeCollectionViewController.swift in Sources */ = {isa = PBXBuildFile; fileRef = 9669B0252197B91200E7CE2A /* EtreeCollectionViewController.swift */; };
		9669B0282197B91200E7CE2A /* ArtistDetailViewController.swift in Sources */ = {isa = PBXBuildFile; fileRef = 9669B0272197B91200E7CE2A /* ArtistDetailViewController.swift */; };
		9669B02B2197B91200E7CE2A /* Main.storyboard in Resources */ = {isa = PBXBuildFile; fileRef = 9669B0292197B91200E7CE2A /* Main.storyboard */; };
		9669B02D2197B91600E7CE2A /* Assets.xcassets in Resources */ = {isa = PBXBuildFile; fileRef = 9669B02C2197B91600E7CE2A /* Assets.xcassets */; };
		9669B0302197B91600E7CE2A /* LaunchScreen.storyboard in Resources */ = {isa = PBXBuildFile; fileRef = 9669B02E2197B91600E7CE2A /* LaunchScreen.storyboard */; };
		9669B0362197BAAE00E7CE2A /* InternetArchiveKit.framework in Frameworks */ = {isa = PBXBuildFile; fileRef = 96ECE0D821913AE100A0C8A6 /* InternetArchiveKit.framework */; };
		9669B0382197C03E00E7CE2A /* GratefulDead.json in Resources */ = {isa = PBXBuildFile; fileRef = 9669B0372197C03E00E7CE2A /* GratefulDead.json */; };
		968C8346219A7F1100B89646 /* ConcertDataSource.swift in Sources */ = {isa = PBXBuildFile; fileRef = 968C8345219A7F1100B89646 /* ConcertDataSource.swift */; };
		968C8348219A817800B89646 /* ConcertViewController.swift in Sources */ = {isa = PBXBuildFile; fileRef = 968C8347219A817800B89646 /* ConcertViewController.swift */; };
		968C834C219A987C00B89646 /* ModelFieldTests.swift in Sources */ = {isa = PBXBuildFile; fileRef = 968C834B219A987C00B89646 /* ModelFieldTests.swift */; };
		9694E66A219A6F3E00F6D26B /* ConcertsDataSource.swift in Sources */ = {isa = PBXBuildFile; fileRef = 9694E669219A6F3E00F6D26B /* ConcertsDataSource.swift */; };
		96AC7279219C64F1007C7910 /* Debouncer.swift in Sources */ = {isa = PBXBuildFile; fileRef = 96AC7278219C64F1007C7910 /* Debouncer.swift */; };
		96AC727B219D2E6A007C7910 /* MusicPlayer.swift in Sources */ = {isa = PBXBuildFile; fileRef = 96AC727A219D2E6A007C7910 /* MusicPlayer.swift */; };
		96BAF7CE219BC016004B512D /* AlbumExtensions.swift in Sources */ = {isa = PBXBuildFile; fileRef = 96BAF7CD219BC016004B512D /* AlbumExtensions.swift */; };
		96BAF7D2219BD0C0004B512D /* InternetArchiveQuery.swift in Sources */ = {isa = PBXBuildFile; fileRef = 96BAF7D1219BD0C0004B512D /* InternetArchiveQuery.swift */; };
		96BAF7D4219BD4F7004B512D /* InternetArchiveProtocols.swift in Sources */ = {isa = PBXBuildFile; fileRef = 96BAF7D3219BD4F7004B512D /* InternetArchiveProtocols.swift */; };
		96BAF7D6219BD518004B512D /* InternetArchiveErrors.swift in Sources */ = {isa = PBXBuildFile; fileRef = 96BAF7D5219BD518004B512D /* InternetArchiveErrors.swift */; };
		96BAF7D8219BD6FE004B512D /* Collection+InternetArchive.swift in Sources */ = {isa = PBXBuildFile; fileRef = 96BAF7D7219BD6FE004B512D /* Collection+InternetArchive.swift */; };
		96BAF7DA219BF148004B512D /* InternetArchiveKit.framework in Embed Frameworks */ = {isa = PBXBuildFile; fileRef = 96ECE0D821913AE100A0C8A6 /* InternetArchiveKit.framework */; settings = {ATTRIBUTES = (CodeSignOnCopy, RemoveHeadersOnCopy, ); }; };
		96E54CEB2198054F000B9B75 /* APIControllerTests.swift in Sources */ = {isa = PBXBuildFile; fileRef = 96E54CEA2198054F000B9B75 /* APIControllerTests.swift */; };
		96ECE0E221913AE200A0C8A6 /* InternetArchiveKit.framework in Frameworks */ = {isa = PBXBuildFile; fileRef = 96ECE0D821913AE100A0C8A6 /* InternetArchiveKit.framework */; };
		96ECE0E721913AE200A0C8A6 /* InternetArchiveKitTests.swift in Sources */ = {isa = PBXBuildFile; fileRef = 96ECE0E621913AE200A0C8A6 /* InternetArchiveKitTests.swift */; };
		96ECE0E921913AE200A0C8A6 /* InternetArchiveKit.h in Headers */ = {isa = PBXBuildFile; fileRef = 96ECE0DB21913AE100A0C8A6 /* InternetArchiveKit.h */; settings = {ATTRIBUTES = (Public, ); }; };
		96ECE0F421913D2F00A0C8A6 /* Item.swift in Sources */ = {isa = PBXBuildFile; fileRef = 96ECE0F321913D2F00A0C8A6 /* Item.swift */; };
		96ECE0F62191584000A0C8A6 /* ItemMetadata.swift in Sources */ = {isa = PBXBuildFile; fileRef = 96ECE0F52191584000A0C8A6 /* ItemMetadata.swift */; };
		96ECE0F82191585300A0C8A6 /* File.swift in Sources */ = {isa = PBXBuildFile; fileRef = 96ECE0F72191585300A0C8A6 /* File.swift */; };
		96ECE0FA21929F8D00A0C8A6 /* InternetArchive.swift in Sources */ = {isa = PBXBuildFile; fileRef = 96ECE0F921929F8D00A0C8A6 /* InternetArchive.swift */; };
		96ECE0FC2192A0EF00A0C8A6 /* InternetArchiveResponse.swift in Sources */ = {isa = PBXBuildFile; fileRef = 96ECE0FB2192A0EF00A0C8A6 /* InternetArchiveResponse.swift */; };
/* End PBXBuildFile section */

/* Begin PBXContainerItemProxy section */
		96BAF7DB219BF148004B512D /* PBXContainerItemProxy */ = {
			isa = PBXContainerItemProxy;
			containerPortal = 96ECE0CF21913AE100A0C8A6 /* Project object */;
			proxyType = 1;
			remoteGlobalIDString = 96ECE0D721913AE100A0C8A6;
			remoteInfo = InternetArchiveKit;
		};
		96ECE0E321913AE200A0C8A6 /* PBXContainerItemProxy */ = {
			isa = PBXContainerItemProxy;
			containerPortal = 96ECE0CF21913AE100A0C8A6 /* Project object */;
			proxyType = 1;
			remoteGlobalIDString = 96ECE0D721913AE100A0C8A6;
			remoteInfo = InternetArchiveKit;
		};
/* End PBXContainerItemProxy section */

/* Begin PBXCopyFilesBuildPhase section */
		96BAF7DD219BF148004B512D /* Embed Frameworks */ = {
			isa = PBXCopyFilesBuildPhase;
			buildActionMask = 2147483647;
			dstPath = "";
			dstSubfolderSpec = 10;
			files = (
				96BAF7DA219BF148004B512D /* InternetArchiveKit.framework in Embed Frameworks */,
			);
			name = "Embed Frameworks";
			runOnlyForDeploymentPostprocessing = 0;
		};
/* End PBXCopyFilesBuildPhase section */

/* Begin PBXFileReference section */
		960BE3DB21AE5D170044C142 /* InternetArchiveQueryTests.swift */ = {isa = PBXFileReference; lastKnownFileType = sourcecode.swift; path = InternetArchiveQueryTests.swift; sourceTree = "<group>"; };
		9614038C226538E6001B9FB7 /* FastISO8601DateFormatterTests.swift */ = {isa = PBXFileReference; lastKnownFileType = sourcecode.swift; path = FastISO8601DateFormatterTests.swift; sourceTree = "<group>"; };
		9614038E22653923001B9FB7 /* FastISO8601DateParser.swift */ = {isa = PBXFileReference; lastKnownFileType = sourcecode.swift; path = FastISO8601DateParser.swift; sourceTree = "<group>"; };
		9614039122654AA4001B9FB7 /* ModelFieldTypes.swift */ = {isa = PBXFileReference; lastKnownFileType = sourcecode.swift; path = ModelFieldTypes.swift; sourceTree = "<group>"; };
		9656DE4C21A4C5EB0016392A /* DateParser.swift */ = {isa = PBXFileReference; lastKnownFileType = sourcecode.swift; path = DateParser.swift; sourceTree = "<group>"; };
		96665F7921D1A46C00D23477 /* ModelField.swift */ = {isa = PBXFileReference; lastKnownFileType = sourcecode.swift; path = ModelField.swift; sourceTree = "<group>"; };
		9669B01B2197B76D00E7CE2A /* artists.json */ = {isa = PBXFileReference; fileEncoding = 4; lastKnownFileType = text.json; path = artists.json; sourceTree = "<group>"; };
		9669B0212197B91200E7CE2A /* InternetArchiveKitExample.app */ = {isa = PBXFileReference; explicitFileType = wrapper.application; includeInIndex = 0; path = InternetArchiveKitExample.app; sourceTree = BUILT_PRODUCTS_DIR; };
		9669B0232197B91200E7CE2A /* AppDelegate.swift */ = {isa = PBXFileReference; lastKnownFileType = sourcecode.swift; path = AppDelegate.swift; sourceTree = "<group>"; };
		9669B0252197B91200E7CE2A /* EtreeCollectionViewController.swift */ = {isa = PBXFileReference; lastKnownFileType = sourcecode.swift; path = EtreeCollectionViewController.swift; sourceTree = "<group>"; };
		9669B0272197B91200E7CE2A /* ArtistDetailViewController.swift */ = {isa = PBXFileReference; lastKnownFileType = sourcecode.swift; path = ArtistDetailViewController.swift; sourceTree = "<group>"; };
		9669B02A2197B91200E7CE2A /* Base */ = {isa = PBXFileReference; lastKnownFileType = file.storyboard; name = Base; path = Base.lproj/Main.storyboard; sourceTree = "<group>"; };
		9669B02C2197B91600E7CE2A /* Assets.xcassets */ = {isa = PBXFileReference; lastKnownFileType = folder.assetcatalog; path = Assets.xcassets; sourceTree = "<group>"; };
		9669B02F2197B91600E7CE2A /* Base */ = {isa = PBXFileReference; lastKnownFileType = file.storyboard; name = Base; path = Base.lproj/LaunchScreen.storyboard; sourceTree = "<group>"; };
		9669B0312197B91600E7CE2A /* Info.plist */ = {isa = PBXFileReference; lastKnownFileType = text.plist.xml; path = Info.plist; sourceTree = "<group>"; };
		9669B0372197C03E00E7CE2A /* GratefulDead.json */ = {isa = PBXFileReference; lastKnownFileType = text.json; path = GratefulDead.json; sourceTree = "<group>"; };
		968C8345219A7F1100B89646 /* ConcertDataSource.swift */ = {isa = PBXFileReference; lastKnownFileType = sourcecode.swift; path = ConcertDataSource.swift; sourceTree = "<group>"; };
		968C8347219A817800B89646 /* ConcertViewController.swift */ = {isa = PBXFileReference; lastKnownFileType = sourcecode.swift; path = ConcertViewController.swift; sourceTree = "<group>"; };
		968C834B219A987C00B89646 /* ModelFieldTests.swift */ = {isa = PBXFileReference; lastKnownFileType = sourcecode.swift; path = ModelFieldTests.swift; sourceTree = "<group>"; };
		9694E669219A6F3E00F6D26B /* ConcertsDataSource.swift */ = {isa = PBXFileReference; lastKnownFileType = sourcecode.swift; path = ConcertsDataSource.swift; sourceTree = "<group>"; };
		96AC7278219C64F1007C7910 /* Debouncer.swift */ = {isa = PBXFileReference; lastKnownFileType = sourcecode.swift; path = Debouncer.swift; sourceTree = "<group>"; };
		96AC727A219D2E6A007C7910 /* MusicPlayer.swift */ = {isa = PBXFileReference; lastKnownFileType = sourcecode.swift; path = MusicPlayer.swift; sourceTree = "<group>"; };
		96BAF7CD219BC016004B512D /* AlbumExtensions.swift */ = {isa = PBXFileReference; lastKnownFileType = sourcecode.swift; path = AlbumExtensions.swift; sourceTree = "<group>"; };
		96BAF7D1219BD0C0004B512D /* InternetArchiveQuery.swift */ = {isa = PBXFileReference; lastKnownFileType = sourcecode.swift; path = InternetArchiveQuery.swift; sourceTree = "<group>"; };
		96BAF7D3219BD4F7004B512D /* InternetArchiveProtocols.swift */ = {isa = PBXFileReference; lastKnownFileType = sourcecode.swift; path = InternetArchiveProtocols.swift; sourceTree = "<group>"; };
		96BAF7D5219BD518004B512D /* InternetArchiveErrors.swift */ = {isa = PBXFileReference; lastKnownFileType = sourcecode.swift; path = InternetArchiveErrors.swift; sourceTree = "<group>"; };
		96BAF7D7219BD6FE004B512D /* Collection+InternetArchive.swift */ = {isa = PBXFileReference; lastKnownFileType = sourcecode.swift; path = "Collection+InternetArchive.swift"; sourceTree = "<group>"; };
		96E54CEA2198054F000B9B75 /* APIControllerTests.swift */ = {isa = PBXFileReference; lastKnownFileType = sourcecode.swift; path = APIControllerTests.swift; sourceTree = "<group>"; };
		96ECE0D821913AE100A0C8A6 /* InternetArchiveKit.framework */ = {isa = PBXFileReference; explicitFileType = wrapper.framework; includeInIndex = 0; path = InternetArchiveKit.framework; sourceTree = BUILT_PRODUCTS_DIR; };
		96ECE0DB21913AE100A0C8A6 /* InternetArchiveKit.h */ = {isa = PBXFileReference; lastKnownFileType = sourcecode.c.h; path = InternetArchiveKit.h; sourceTree = "<group>"; };
		96ECE0DC21913AE100A0C8A6 /* Info.plist */ = {isa = PBXFileReference; lastKnownFileType = text.plist.xml; path = Info.plist; sourceTree = "<group>"; };
		96ECE0E121913AE200A0C8A6 /* InternetArchiveKitTests.xctest */ = {isa = PBXFileReference; explicitFileType = wrapper.cfbundle; includeInIndex = 0; path = InternetArchiveKitTests.xctest; sourceTree = BUILT_PRODUCTS_DIR; };
		96ECE0E621913AE200A0C8A6 /* InternetArchiveKitTests.swift */ = {isa = PBXFileReference; lastKnownFileType = sourcecode.swift; path = InternetArchiveKitTests.swift; sourceTree = "<group>"; };
		96ECE0E821913AE200A0C8A6 /* Info.plist */ = {isa = PBXFileReference; lastKnownFileType = text.plist.xml; path = Info.plist; sourceTree = "<group>"; };
		96ECE0F321913D2F00A0C8A6 /* Item.swift */ = {isa = PBXFileReference; lastKnownFileType = sourcecode.swift; path = Item.swift; sourceTree = "<group>"; };
		96ECE0F52191584000A0C8A6 /* ItemMetadata.swift */ = {isa = PBXFileReference; lastKnownFileType = sourcecode.swift; path = ItemMetadata.swift; sourceTree = "<group>"; };
		96ECE0F72191585300A0C8A6 /* File.swift */ = {isa = PBXFileReference; lastKnownFileType = sourcecode.swift; path = File.swift; sourceTree = "<group>"; };
		96ECE0F921929F8D00A0C8A6 /* InternetArchive.swift */ = {isa = PBXFileReference; lastKnownFileType = sourcecode.swift; path = InternetArchive.swift; sourceTree = "<group>"; };
		96ECE0FB2192A0EF00A0C8A6 /* InternetArchiveResponse.swift */ = {isa = PBXFileReference; lastKnownFileType = sourcecode.swift; path = InternetArchiveResponse.swift; sourceTree = "<group>"; };
/* End PBXFileReference section */

/* Begin PBXFrameworksBuildPhase section */
		9669B01E2197B91200E7CE2A /* Frameworks */ = {
			isa = PBXFrameworksBuildPhase;
			buildActionMask = 2147483647;
			files = (
				9669B0362197BAAE00E7CE2A /* InternetArchiveKit.framework in Frameworks */,
			);
			runOnlyForDeploymentPostprocessing = 0;
		};
		96ECE0D521913AE100A0C8A6 /* Frameworks */ = {
			isa = PBXFrameworksBuildPhase;
			buildActionMask = 2147483647;
			files = (
			);
			runOnlyForDeploymentPostprocessing = 0;
		};
		96ECE0DE21913AE200A0C8A6 /* Frameworks */ = {
			isa = PBXFrameworksBuildPhase;
			buildActionMask = 2147483647;
			files = (
				96ECE0E221913AE200A0C8A6 /* InternetArchiveKit.framework in Frameworks */,
			);
			runOnlyForDeploymentPostprocessing = 0;
		};
/* End PBXFrameworksBuildPhase section */

/* Begin PBXGroup section */
		9656DE5F21A4FDB10016392A /* Fields */ = {
			isa = PBXGroup;
			children = (
				96665F7921D1A46C00D23477 /* ModelField.swift */,
				9614039122654AA4001B9FB7 /* ModelFieldTypes.swift */,
				9656DE4C21A4C5EB0016392A /* DateParser.swift */,
				9614038E22653923001B9FB7 /* FastISO8601DateParser.swift */,
			);
			path = Fields;
			sourceTree = "<group>";
		};
		9669B0162197B44300E7CE2A /* MockResponse */ = {
			isa = PBXGroup;
			children = (
				9669B01B2197B76D00E7CE2A /* artists.json */,
				9669B0372197C03E00E7CE2A /* GratefulDead.json */,
			);
			path = MockResponse;
			sourceTree = "<group>";
		};
		9669B0222197B91200E7CE2A /* InternetArchiveKitExample */ = {
			isa = PBXGroup;
			children = (
				9669B0232197B91200E7CE2A /* AppDelegate.swift */,
				9669B0252197B91200E7CE2A /* EtreeCollectionViewController.swift */,
				96AC7278219C64F1007C7910 /* Debouncer.swift */,
				96BAF7CF219BC9C7004B512D /* ArtistDetail */,
				96BAF7D0219BC9DD004B512D /* AlbumDetail */,
				96BAF7CD219BC016004B512D /* AlbumExtensions.swift */,
				96AC727A219D2E6A007C7910 /* MusicPlayer.swift */,
				9669B0292197B91200E7CE2A /* Main.storyboard */,
				9669B02C2197B91600E7CE2A /* Assets.xcassets */,
				9669B02E2197B91600E7CE2A /* LaunchScreen.storyboard */,
				9669B0312197B91600E7CE2A /* Info.plist */,
				96BAF7D7219BD6FE004B512D /* Collection+InternetArchive.swift */,
			);
			path = InternetArchiveKitExample;
			sourceTree = "<group>";
		};
		9669B0352197BAAE00E7CE2A /* Frameworks */ = {
			isa = PBXGroup;
			children = (
			);
			name = Frameworks;
			sourceTree = "<group>";
		};
		96BAF7CF219BC9C7004B512D /* ArtistDetail */ = {
			isa = PBXGroup;
			children = (
				9669B0272197B91200E7CE2A /* ArtistDetailViewController.swift */,
				9694E669219A6F3E00F6D26B /* ConcertsDataSource.swift */,
			);
			path = ArtistDetail;
			sourceTree = "<group>";
		};
		96BAF7D0219BC9DD004B512D /* AlbumDetail */ = {
			isa = PBXGroup;
			children = (
				968C8347219A817800B89646 /* ConcertViewController.swift */,
				968C8345219A7F1100B89646 /* ConcertDataSource.swift */,
			);
			path = AlbumDetail;
			sourceTree = "<group>";
		};
		96ECE0CE21913AE100A0C8A6 = {
			isa = PBXGroup;
			children = (
				96ECE0DA21913AE100A0C8A6 /* InternetArchiveKit */,
				96ECE0E521913AE200A0C8A6 /* InternetArchiveKitTests */,
				9669B0222197B91200E7CE2A /* InternetArchiveKitExample */,
				96ECE0D921913AE100A0C8A6 /* Products */,
				9669B0352197BAAE00E7CE2A /* Frameworks */,
			);
			sourceTree = "<group>";
		};
		96ECE0D921913AE100A0C8A6 /* Products */ = {
			isa = PBXGroup;
			children = (
				96ECE0D821913AE100A0C8A6 /* InternetArchiveKit.framework */,
				96ECE0E121913AE200A0C8A6 /* InternetArchiveKitTests.xctest */,
				9669B0212197B91200E7CE2A /* InternetArchiveKitExample.app */,
			);
			name = Products;
			sourceTree = "<group>";
		};
		96ECE0DA21913AE100A0C8A6 /* InternetArchiveKit */ = {
			isa = PBXGroup;
			children = (
				96ECE0F221913D1E00A0C8A6 /* Models */,
				96ECE0F921929F8D00A0C8A6 /* InternetArchive.swift */,
				96BAF7D1219BD0C0004B512D /* InternetArchiveQuery.swift */,
				96ECE0FB2192A0EF00A0C8A6 /* InternetArchiveResponse.swift */,
				96BAF7D3219BD4F7004B512D /* InternetArchiveProtocols.swift */,
				96BAF7D5219BD518004B512D /* InternetArchiveErrors.swift */,
				96ECE0DB21913AE100A0C8A6 /* InternetArchiveKit.h */,
				96ECE0DC21913AE100A0C8A6 /* Info.plist */,
			);
			path = InternetArchiveKit;
			sourceTree = "<group>";
		};
		96ECE0E521913AE200A0C8A6 /* InternetArchiveKitTests */ = {
			isa = PBXGroup;
			children = (
				9669B0162197B44300E7CE2A /* MockResponse */,
				96ECE0E621913AE200A0C8A6 /* InternetArchiveKitTests.swift */,
				960BE3DB21AE5D170044C142 /* InternetArchiveQueryTests.swift */,
				96E54CEA2198054F000B9B75 /* APIControllerTests.swift */,
				968C834B219A987C00B89646 /* ModelFieldTests.swift */,
				9614038C226538E6001B9FB7 /* FastISO8601DateFormatterTests.swift */,
				96ECE0E821913AE200A0C8A6 /* Info.plist */,
			);
			path = InternetArchiveKitTests;
			sourceTree = "<group>";
		};
		96ECE0F221913D1E00A0C8A6 /* Models */ = {
			isa = PBXGroup;
			children = (
				96ECE0F321913D2F00A0C8A6 /* Item.swift */,
				96ECE0F72191585300A0C8A6 /* File.swift */,
				96ECE0F52191584000A0C8A6 /* ItemMetadata.swift */,
				9656DE5F21A4FDB10016392A /* Fields */,
			);
			path = Models;
			sourceTree = "<group>";
		};
/* End PBXGroup section */

/* Begin PBXHeadersBuildPhase section */
		96ECE0D321913AE100A0C8A6 /* Headers */ = {
			isa = PBXHeadersBuildPhase;
			buildActionMask = 2147483647;
			files = (
				96ECE0E921913AE200A0C8A6 /* InternetArchiveKit.h in Headers */,
			);
			runOnlyForDeploymentPostprocessing = 0;
		};
/* End PBXHeadersBuildPhase section */

/* Begin PBXNativeTarget section */
		9669B0202197B91200E7CE2A /* InternetArchiveKitExample */ = {
			isa = PBXNativeTarget;
			buildConfigurationList = 9669B0322197B91600E7CE2A /* Build configuration list for PBXNativeTarget "InternetArchiveKitExample" */;
			buildPhases = (
				9669B01D2197B91200E7CE2A /* Sources */,
				9669B01E2197B91200E7CE2A /* Frameworks */,
				9669B01F2197B91200E7CE2A /* Resources */,
				96BAF7DD219BF148004B512D /* Embed Frameworks */,
			);
			buildRules = (
			);
			dependencies = (
				96BAF7DC219BF148004B512D /* PBXTargetDependency */,
			);
			name = InternetArchiveKitExample;
			productName = InternetArchiveKitExample;
			productReference = 9669B0212197B91200E7CE2A /* InternetArchiveKitExample.app */;
			productType = "com.apple.product-type.application";
		};
		96ECE0D721913AE100A0C8A6 /* InternetArchiveKit */ = {
			isa = PBXNativeTarget;
			buildConfigurationList = 96ECE0EC21913AE200A0C8A6 /* Build configuration list for PBXNativeTarget "InternetArchiveKit" */;
			buildPhases = (
				96ECE0D321913AE100A0C8A6 /* Headers */,
				96ECE0D421913AE100A0C8A6 /* Sources */,
				96ECE0D521913AE100A0C8A6 /* Frameworks */,
				96ECE0D621913AE100A0C8A6 /* Resources */,
			);
			buildRules = (
			);
			dependencies = (
			);
			name = InternetArchiveKit;
			productName = InternetArchiveKit;
			productReference = 96ECE0D821913AE100A0C8A6 /* InternetArchiveKit.framework */;
			productType = "com.apple.product-type.framework";
		};
		96ECE0E021913AE200A0C8A6 /* InternetArchiveKitTests */ = {
			isa = PBXNativeTarget;
			buildConfigurationList = 96ECE0EF21913AE200A0C8A6 /* Build configuration list for PBXNativeTarget "InternetArchiveKitTests" */;
			buildPhases = (
				96ECE0DD21913AE200A0C8A6 /* Sources */,
				96ECE0DE21913AE200A0C8A6 /* Frameworks */,
				96ECE0DF21913AE200A0C8A6 /* Resources */,
			);
			buildRules = (
			);
			dependencies = (
				96ECE0E421913AE200A0C8A6 /* PBXTargetDependency */,
			);
			name = InternetArchiveKitTests;
			productName = InternetArchiveKitTests;
			productReference = 96ECE0E121913AE200A0C8A6 /* InternetArchiveKitTests.xctest */;
			productType = "com.apple.product-type.bundle.unit-test";
		};
/* End PBXNativeTarget section */

/* Begin PBXProject section */
		96ECE0CF21913AE100A0C8A6 /* Project object */ = {
			isa = PBXProject;
			attributes = {
				LastSwiftUpdateCheck = 1010;
				LastUpgradeCheck = 1010;
				ORGANIZATIONNAME = "Jason Buckner";
				TargetAttributes = {
					9669B0202197B91200E7CE2A = {
						CreatedOnToolsVersion = 10.1;
						LastSwiftMigration = 1020;
						SystemCapabilities = {
							com.apple.BackgroundModes = {
								enabled = 1;
							};
						};
					};
					96ECE0D721913AE100A0C8A6 = {
						CreatedOnToolsVersion = 10.1;
						LastSwiftMigration = 1020;
					};
					96ECE0E021913AE200A0C8A6 = {
						CreatedOnToolsVersion = 10.1;
						LastSwiftMigration = 1020;
					};
				};
			};
			buildConfigurationList = 96ECE0D221913AE100A0C8A6 /* Build configuration list for PBXProject "InternetArchiveKit" */;
			compatibilityVersion = "Xcode 9.3";
			developmentRegion = en;
			hasScannedForEncodings = 0;
			knownRegions = (
				en,
				Base,
			);
			mainGroup = 96ECE0CE21913AE100A0C8A6;
			productRefGroup = 96ECE0D921913AE100A0C8A6 /* Products */;
			projectDirPath = "";
			projectRoot = "";
			targets = (
				96ECE0D721913AE100A0C8A6 /* InternetArchiveKit */,
				96ECE0E021913AE200A0C8A6 /* InternetArchiveKitTests */,
				9669B0202197B91200E7CE2A /* InternetArchiveKitExample */,
			);
		};
/* End PBXProject section */

/* Begin PBXResourcesBuildPhase section */
		9669B01F2197B91200E7CE2A /* Resources */ = {
			isa = PBXResourcesBuildPhase;
			buildActionMask = 2147483647;
			files = (
				9669B0302197B91600E7CE2A /* LaunchScreen.storyboard in Resources */,
				9669B02D2197B91600E7CE2A /* Assets.xcassets in Resources */,
				9669B02B2197B91200E7CE2A /* Main.storyboard in Resources */,
			);
			runOnlyForDeploymentPostprocessing = 0;
		};
		96ECE0D621913AE100A0C8A6 /* Resources */ = {
			isa = PBXResourcesBuildPhase;
			buildActionMask = 2147483647;
			files = (
			);
			runOnlyForDeploymentPostprocessing = 0;
		};
		96ECE0DF21913AE200A0C8A6 /* Resources */ = {
			isa = PBXResourcesBuildPhase;
			buildActionMask = 2147483647;
			files = (
				9669B01C2197B76D00E7CE2A /* artists.json in Resources */,
				9669B0382197C03E00E7CE2A /* GratefulDead.json in Resources */,
			);
			runOnlyForDeploymentPostprocessing = 0;
		};
/* End PBXResourcesBuildPhase section */

/* Begin PBXSourcesBuildPhase section */
		9669B01D2197B91200E7CE2A /* Sources */ = {
			isa = PBXSourcesBuildPhase;
			buildActionMask = 2147483647;
			files = (
				968C8348219A817800B89646 /* ConcertViewController.swift in Sources */,
				968C8346219A7F1100B89646 /* ConcertDataSource.swift in Sources */,
				96AC7279219C64F1007C7910 /* Debouncer.swift in Sources */,
				96BAF7D8219BD6FE004B512D /* Collection+InternetArchive.swift in Sources */,
				96BAF7CE219BC016004B512D /* AlbumExtensions.swift in Sources */,
				9694E66A219A6F3E00F6D26B /* ConcertsDataSource.swift in Sources */,
				9669B0282197B91200E7CE2A /* ArtistDetailViewController.swift in Sources */,
				9669B0262197B91200E7CE2A /* EtreeCollectionViewController.swift in Sources */,
				96AC727B219D2E6A007C7910 /* MusicPlayer.swift in Sources */,
				9669B0242197B91200E7CE2A /* AppDelegate.swift in Sources */,
			);
			runOnlyForDeploymentPostprocessing = 0;
		};
		96ECE0D421913AE100A0C8A6 /* Sources */ = {
			isa = PBXSourcesBuildPhase;
			buildActionMask = 2147483647;
			files = (
				96ECE0FC2192A0EF00A0C8A6 /* InternetArchiveResponse.swift in Sources */,
				96BAF7D6219BD518004B512D /* InternetArchiveErrors.swift in Sources */,
				9614039222654AA4001B9FB7 /* ModelFieldTypes.swift in Sources */,
				96BAF7D4219BD4F7004B512D /* InternetArchiveProtocols.swift in Sources */,
				96ECE0F421913D2F00A0C8A6 /* Item.swift in Sources */,
				96665F7A21D1A46C00D23477 /* ModelField.swift in Sources */,
				96ECE0F82191585300A0C8A6 /* File.swift in Sources */,
				9614038F22653923001B9FB7 /* FastISO8601DateParser.swift in Sources */,
				96ECE0F62191584000A0C8A6 /* ItemMetadata.swift in Sources */,
				96BAF7D2219BD0C0004B512D /* InternetArchiveQuery.swift in Sources */,
				96ECE0FA21929F8D00A0C8A6 /* InternetArchive.swift in Sources */,
				9656DE4D21A4C5EB0016392A /* DateParser.swift in Sources */,
			);
			runOnlyForDeploymentPostprocessing = 0;
		};
		96ECE0DD21913AE200A0C8A6 /* Sources */ = {
			isa = PBXSourcesBuildPhase;
			buildActionMask = 2147483647;
			files = (
				968C834C219A987C00B89646 /* ModelFieldTests.swift in Sources */,
				961F158D2249FF6500D874EE /* InternetArchiveProtocols.swift in Sources */,
				961F158E2249FF7100D874EE /* InternetArchiveResponse.swift in Sources */,
				961F158F2249FF7A00D874EE /* InternetArchiveQuery.swift in Sources */,
				9614039322654BAE001B9FB7 /* ModelFieldTypes.swift in Sources */,
				961F1592224A001D00D874EE /* Item.swift in Sources */,
				961F1591224A001700D874EE /* DateParser.swift in Sources */,
				961F158B2249FF4F00D874EE /* ModelField.swift in Sources */,
				961F15902249FF8400D874EE /* ItemMetadata.swift in Sources */,
				96E54CEB2198054F000B9B75 /* APIControllerTests.swift in Sources */,
				96140390226539EE001B9FB7 /* FastISO8601DateParser.swift in Sources */,
				960BE3DC21AE5D170044C142 /* InternetArchiveQueryTests.swift in Sources */,
				961F1593224A002A00D874EE /* File.swift in Sources */,
				96ECE0E721913AE200A0C8A6 /* InternetArchiveKitTests.swift in Sources */,
				961F1594224A003700D874EE /* InternetArchiveErrors.swift in Sources */,
				9614038D226538E6001B9FB7 /* FastISO8601DateFormatterTests.swift in Sources */,
				961F158C2249FF5D00D874EE /* InternetArchive.swift in Sources */,
			);
			runOnlyForDeploymentPostprocessing = 0;
		};
/* End PBXSourcesBuildPhase section */

/* Begin PBXTargetDependency section */
		96BAF7DC219BF148004B512D /* PBXTargetDependency */ = {
			isa = PBXTargetDependency;
			target = 96ECE0D721913AE100A0C8A6 /* InternetArchiveKit */;
			targetProxy = 96BAF7DB219BF148004B512D /* PBXContainerItemProxy */;
		};
		96ECE0E421913AE200A0C8A6 /* PBXTargetDependency */ = {
			isa = PBXTargetDependency;
			target = 96ECE0D721913AE100A0C8A6 /* InternetArchiveKit */;
			targetProxy = 96ECE0E321913AE200A0C8A6 /* PBXContainerItemProxy */;
		};
/* End PBXTargetDependency section */

/* Begin PBXVariantGroup section */
		9669B0292197B91200E7CE2A /* Main.storyboard */ = {
			isa = PBXVariantGroup;
			children = (
				9669B02A2197B91200E7CE2A /* Base */,
			);
			name = Main.storyboard;
			sourceTree = "<group>";
		};
		9669B02E2197B91600E7CE2A /* LaunchScreen.storyboard */ = {
			isa = PBXVariantGroup;
			children = (
				9669B02F2197B91600E7CE2A /* Base */,
			);
			name = LaunchScreen.storyboard;
			sourceTree = "<group>";
		};
/* End PBXVariantGroup section */

/* Begin XCBuildConfiguration section */
		9669B0332197B91600E7CE2A /* Debug */ = {
			isa = XCBuildConfiguration;
			buildSettings = {
				ALWAYS_EMBED_SWIFT_STANDARD_LIBRARIES = YES;
				ASSETCATALOG_COMPILER_APPICON_NAME = AppIcon;
				CODE_SIGN_STYLE = Automatic;
				DEVELOPMENT_TEAM = Z2V5R65MGQ;
				INFOPLIST_FILE = InternetArchiveKitExample/Info.plist;
				IPHONEOS_DEPLOYMENT_TARGET = 11.0;
				LD_RUNPATH_SEARCH_PATHS = (
					"$(inherited)",
					"@executable_path/Frameworks",
				);
				PRODUCT_BUNDLE_IDENTIFIER = com.jasonbuckner.InternetArchiveKitExample;
				PRODUCT_NAME = "$(TARGET_NAME)";
				SWIFT_VERSION = 4.0;
				TARGETED_DEVICE_FAMILY = "1,2";
			};
			name = Debug;
		};
		9669B0342197B91600E7CE2A /* Release */ = {
			isa = XCBuildConfiguration;
			buildSettings = {
				ALWAYS_EMBED_SWIFT_STANDARD_LIBRARIES = YES;
				ASSETCATALOG_COMPILER_APPICON_NAME = AppIcon;
				CODE_SIGN_STYLE = Automatic;
				DEVELOPMENT_TEAM = Z2V5R65MGQ;
				INFOPLIST_FILE = InternetArchiveKitExample/Info.plist;
				IPHONEOS_DEPLOYMENT_TARGET = 11.0;
				LD_RUNPATH_SEARCH_PATHS = (
					"$(inherited)",
					"@executable_path/Frameworks",
				);
				PRODUCT_BUNDLE_IDENTIFIER = com.jasonbuckner.InternetArchiveKitExample;
				PRODUCT_NAME = "$(TARGET_NAME)";
				SWIFT_VERSION = 4.0;
				TARGETED_DEVICE_FAMILY = "1,2";
			};
			name = Release;
		};
		96ECE0EA21913AE200A0C8A6 /* Debug */ = {
			isa = XCBuildConfiguration;
			buildSettings = {
				ALWAYS_SEARCH_USER_PATHS = NO;
				CLANG_ANALYZER_NONNULL = YES;
				CLANG_ANALYZER_NUMBER_OBJECT_CONVERSION = YES_AGGRESSIVE;
				CLANG_CXX_LANGUAGE_STANDARD = "gnu++14";
				CLANG_CXX_LIBRARY = "libc++";
				CLANG_ENABLE_MODULES = YES;
				CLANG_ENABLE_OBJC_ARC = YES;
				CLANG_ENABLE_OBJC_WEAK = YES;
				CLANG_WARN_BLOCK_CAPTURE_AUTORELEASING = YES;
				CLANG_WARN_BOOL_CONVERSION = YES;
				CLANG_WARN_COMMA = YES;
				CLANG_WARN_CONSTANT_CONVERSION = YES;
				CLANG_WARN_DEPRECATED_OBJC_IMPLEMENTATIONS = YES;
				CLANG_WARN_DIRECT_OBJC_ISA_USAGE = YES_ERROR;
				CLANG_WARN_DOCUMENTATION_COMMENTS = YES;
				CLANG_WARN_EMPTY_BODY = YES;
				CLANG_WARN_ENUM_CONVERSION = YES;
				CLANG_WARN_INFINITE_RECURSION = YES;
				CLANG_WARN_INT_CONVERSION = YES;
				CLANG_WARN_NON_LITERAL_NULL_CONVERSION = YES;
				CLANG_WARN_OBJC_IMPLICIT_RETAIN_SELF = YES;
				CLANG_WARN_OBJC_LITERAL_CONVERSION = YES;
				CLANG_WARN_OBJC_ROOT_CLASS = YES_ERROR;
				CLANG_WARN_RANGE_LOOP_ANALYSIS = YES;
				CLANG_WARN_STRICT_PROTOTYPES = YES;
				CLANG_WARN_SUSPICIOUS_MOVE = YES;
				CLANG_WARN_UNGUARDED_AVAILABILITY = YES_AGGRESSIVE;
				CLANG_WARN_UNREACHABLE_CODE = YES;
				CLANG_WARN__DUPLICATE_METHOD_MATCH = YES;
				CODE_SIGN_IDENTITY = "iPhone Developer";
				COPY_PHASE_STRIP = NO;
				CURRENT_PROJECT_VERSION = 1;
				DEBUG_INFORMATION_FORMAT = dwarf;
				ENABLE_STRICT_OBJC_MSGSEND = YES;
				ENABLE_TESTABILITY = YES;
				GCC_C_LANGUAGE_STANDARD = gnu11;
				GCC_DYNAMIC_NO_PIC = NO;
				GCC_NO_COMMON_BLOCKS = YES;
				GCC_OPTIMIZATION_LEVEL = 0;
				GCC_PREPROCESSOR_DEFINITIONS = (
					"DEBUG=1",
					"$(inherited)",
				);
				GCC_WARN_64_TO_32_BIT_CONVERSION = YES;
				GCC_WARN_ABOUT_RETURN_TYPE = YES_ERROR;
				GCC_WARN_UNDECLARED_SELECTOR = YES;
				GCC_WARN_UNINITIALIZED_AUTOS = YES_AGGRESSIVE;
				GCC_WARN_UNUSED_FUNCTION = YES;
				GCC_WARN_UNUSED_VARIABLE = YES;
				IPHONEOS_DEPLOYMENT_TARGET = 10.0;
				MTL_ENABLE_DEBUG_INFO = INCLUDE_SOURCE;
				MTL_FAST_MATH = YES;
				ONLY_ACTIVE_ARCH = YES;
				SDKROOT = iphoneos;
				SWIFT_ACTIVE_COMPILATION_CONDITIONS = DEBUG;
				SWIFT_OPTIMIZATION_LEVEL = "-Onone";
				VERSIONING_SYSTEM = "apple-generic";
				VERSION_INFO_PREFIX = "";
			};
			name = Debug;
		};
		96ECE0EB21913AE200A0C8A6 /* Release */ = {
			isa = XCBuildConfiguration;
			buildSettings = {
				ALWAYS_SEARCH_USER_PATHS = NO;
				CLANG_ANALYZER_NONNULL = YES;
				CLANG_ANALYZER_NUMBER_OBJECT_CONVERSION = YES_AGGRESSIVE;
				CLANG_CXX_LANGUAGE_STANDARD = "gnu++14";
				CLANG_CXX_LIBRARY = "libc++";
				CLANG_ENABLE_MODULES = YES;
				CLANG_ENABLE_OBJC_ARC = YES;
				CLANG_ENABLE_OBJC_WEAK = YES;
				CLANG_WARN_BLOCK_CAPTURE_AUTORELEASING = YES;
				CLANG_WARN_BOOL_CONVERSION = YES;
				CLANG_WARN_COMMA = YES;
				CLANG_WARN_CONSTANT_CONVERSION = YES;
				CLANG_WARN_DEPRECATED_OBJC_IMPLEMENTATIONS = YES;
				CLANG_WARN_DIRECT_OBJC_ISA_USAGE = YES_ERROR;
				CLANG_WARN_DOCUMENTATION_COMMENTS = YES;
				CLANG_WARN_EMPTY_BODY = YES;
				CLANG_WARN_ENUM_CONVERSION = YES;
				CLANG_WARN_INFINITE_RECURSION = YES;
				CLANG_WARN_INT_CONVERSION = YES;
				CLANG_WARN_NON_LITERAL_NULL_CONVERSION = YES;
				CLANG_WARN_OBJC_IMPLICIT_RETAIN_SELF = YES;
				CLANG_WARN_OBJC_LITERAL_CONVERSION = YES;
				CLANG_WARN_OBJC_ROOT_CLASS = YES_ERROR;
				CLANG_WARN_RANGE_LOOP_ANALYSIS = YES;
				CLANG_WARN_STRICT_PROTOTYPES = YES;
				CLANG_WARN_SUSPICIOUS_MOVE = YES;
				CLANG_WARN_UNGUARDED_AVAILABILITY = YES_AGGRESSIVE;
				CLANG_WARN_UNREACHABLE_CODE = YES;
				CLANG_WARN__DUPLICATE_METHOD_MATCH = YES;
				CODE_SIGN_IDENTITY = "iPhone Developer";
				COPY_PHASE_STRIP = NO;
				CURRENT_PROJECT_VERSION = 1;
				DEBUG_INFORMATION_FORMAT = "dwarf-with-dsym";
				ENABLE_NS_ASSERTIONS = NO;
				ENABLE_STRICT_OBJC_MSGSEND = YES;
				GCC_C_LANGUAGE_STANDARD = gnu11;
				GCC_NO_COMMON_BLOCKS = YES;
				GCC_WARN_64_TO_32_BIT_CONVERSION = YES;
				GCC_WARN_ABOUT_RETURN_TYPE = YES_ERROR;
				GCC_WARN_UNDECLARED_SELECTOR = YES;
				GCC_WARN_UNINITIALIZED_AUTOS = YES_AGGRESSIVE;
				GCC_WARN_UNUSED_FUNCTION = YES;
				GCC_WARN_UNUSED_VARIABLE = YES;
				IPHONEOS_DEPLOYMENT_TARGET = 10.0;
				MTL_ENABLE_DEBUG_INFO = NO;
				MTL_FAST_MATH = YES;
				SDKROOT = iphoneos;
				SWIFT_COMPILATION_MODE = wholemodule;
				SWIFT_OPTIMIZATION_LEVEL = "-O";
				VALIDATE_PRODUCT = YES;
				VERSIONING_SYSTEM = "apple-generic";
				VERSION_INFO_PREFIX = "";
			};
			name = Release;
		};
		96ECE0ED21913AE200A0C8A6 /* Debug */ = {
			isa = XCBuildConfiguration;
			buildSettings = {
				CLANG_ENABLE_MODULES = YES;
				CODE_SIGN_IDENTITY = "";
				CODE_SIGN_STYLE = Automatic;
				DEFINES_MODULE = YES;
				DEVELOPMENT_TEAM = Z2V5R65MGQ;
				DYLIB_COMPATIBILITY_VERSION = 1;
				DYLIB_INSTALL_NAME_BASE = "@rpath";
				INFOPLIST_FILE = "$(SRCROOT)/InternetArchiveKit/Info.plist";
				INSTALL_PATH = "$(LOCAL_LIBRARY_DIR)/Frameworks";
				LD_RUNPATH_SEARCH_PATHS = (
					"$(inherited)",
					"@executable_path/Frameworks",
					"@loader_path/Frameworks",
				);
				PRODUCT_BUNDLE_IDENTIFIER = com.jasonbuckner.InternetArchiveKit;
				PRODUCT_NAME = "$(TARGET_NAME:c99extidentifier)";
				SKIP_INSTALL = YES;
				SWIFT_OPTIMIZATION_LEVEL = "-Onone";
				SWIFT_VERSION = 4.0;
				TARGETED_DEVICE_FAMILY = "1,2";
			};
			name = Debug;
		};
		96ECE0EE21913AE200A0C8A6 /* Release */ = {
			isa = XCBuildConfiguration;
			buildSettings = {
				CLANG_ENABLE_MODULES = YES;
				CODE_SIGN_IDENTITY = "";
				CODE_SIGN_STYLE = Automatic;
				DEFINES_MODULE = YES;
				DEVELOPMENT_TEAM = Z2V5R65MGQ;
				DYLIB_COMPATIBILITY_VERSION = 1;
				DYLIB_INSTALL_NAME_BASE = "@rpath";
				INFOPLIST_FILE = "$(SRCROOT)/InternetArchiveKit/Info.plist";
				INSTALL_PATH = "$(LOCAL_LIBRARY_DIR)/Frameworks";
				LD_RUNPATH_SEARCH_PATHS = (
					"$(inherited)",
					"@executable_path/Frameworks",
					"@loader_path/Frameworks",
				);
				PRODUCT_BUNDLE_IDENTIFIER = com.jasonbuckner.InternetArchiveKit;
				PRODUCT_NAME = "$(TARGET_NAME:c99extidentifier)";
				SKIP_INSTALL = YES;
				SWIFT_VERSION = 4.0;
				TARGETED_DEVICE_FAMILY = "1,2";
			};
			name = Release;
		};
		96ECE0F021913AE200A0C8A6 /* Debug */ = {
			isa = XCBuildConfiguration;
			buildSettings = {
				ALWAYS_EMBED_SWIFT_STANDARD_LIBRARIES = YES;
				CODE_SIGN_STYLE = Automatic;
				DEVELOPMENT_TEAM = Z2V5R65MGQ;
				INFOPLIST_FILE = InternetArchiveKitTests/Info.plist;
				LD_RUNPATH_SEARCH_PATHS = (
					"$(inherited)",
					"@executable_path/Frameworks",
					"@loader_path/Frameworks",
				);
				PRODUCT_BUNDLE_IDENTIFIER = com.jasonbuckner.InternetArchiveKitTests;
				PRODUCT_NAME = "$(TARGET_NAME)";
				SWIFT_VERSION = 4.0;
				TARGETED_DEVICE_FAMILY = "1,2";
			};
			name = Debug;
		};
		96ECE0F121913AE200A0C8A6 /* Release */ = {
			isa = XCBuildConfiguration;
			buildSettings = {
				ALWAYS_EMBED_SWIFT_STANDARD_LIBRARIES = YES;
				CODE_SIGN_STYLE = Automatic;
				DEVELOPMENT_TEAM = Z2V5R65MGQ;
				INFOPLIST_FILE = InternetArchiveKitTests/Info.plist;
				LD_RUNPATH_SEARCH_PATHS = (
					"$(inherited)",
					"@executable_path/Frameworks",
					"@loader_path/Frameworks",
				);
				PRODUCT_BUNDLE_IDENTIFIER = com.jasonbuckner.InternetArchiveKitTests;
				PRODUCT_NAME = "$(TARGET_NAME)";
				SWIFT_VERSION = 4.0;
				TARGETED_DEVICE_FAMILY = "1,2";
			};
			name = Release;
		};
/* End XCBuildConfiguration section */

/* Begin XCConfigurationList section */
		9669B0322197B91600E7CE2A /* Build configuration list for PBXNativeTarget "InternetArchiveKitExample" */ = {
			isa = XCConfigurationList;
			buildConfigurations = (
				9669B0332197B91600E7CE2A /* Debug */,
				9669B0342197B91600E7CE2A /* Release */,
			);
			defaultConfigurationIsVisible = 0;
			defaultConfigurationName = Release;
		};
		96ECE0D221913AE100A0C8A6 /* Build configuration list for PBXProject "InternetArchiveKit" */ = {
			isa = XCConfigurationList;
			buildConfigurations = (
				96ECE0EA21913AE200A0C8A6 /* Debug */,
				96ECE0EB21913AE200A0C8A6 /* Release */,
			);
			defaultConfigurationIsVisible = 0;
			defaultConfigurationName = Release;
		};
		96ECE0EC21913AE200A0C8A6 /* Build configuration list for PBXNativeTarget "InternetArchiveKit" */ = {
			isa = XCConfigurationList;
			buildConfigurations = (
				96ECE0ED21913AE200A0C8A6 /* Debug */,
				96ECE0EE21913AE200A0C8A6 /* Release */,
			);
			defaultConfigurationIsVisible = 0;
			defaultConfigurationName = Release;
		};
		96ECE0EF21913AE200A0C8A6 /* Build configuration list for PBXNativeTarget "InternetArchiveKitTests" */ = {
			isa = XCConfigurationList;
			buildConfigurations = (
				96ECE0F021913AE200A0C8A6 /* Debug */,
				96ECE0F121913AE200A0C8A6 /* Release */,
			);
			defaultConfigurationIsVisible = 0;
			defaultConfigurationName = Release;
		};
/* End XCConfigurationList section */
	};
	rootObject = 96ECE0CF21913AE100A0C8A6 /* Project object */;
}
